
Microsoft Visual Studio Solution File, Format Version 12.00
# Visual Studio Version 17
VisualStudioVersion = 17.9.34728.123
MinimumVisualStudioVersion = 10.0.40219.1
Project("{FAE04EC0-301F-11D3-BF4B-00C04F79EFBC}") = "IntegracaoInter", "IntegracaoInter\IntegracaoInter.csproj", "{A42BB583-0FCF-4FCD-B274-CD4CB8CD25BB}"
EndProject
Global
	GlobalSection(SolutionConfigurationPlatforms) = preSolution
		Debug|Any CPU = Debug|Any CPU
		Release|Any CPU = Release|Any CPU
	EndGlobalSection
	GlobalSection(ProjectConfigurationPlatforms) = postSolution
		{A42BB583-0FCF-4FCD-B274-CD4CB8CD25BB}.Debug|Any CPU.ActiveCfg = Debug|Any CPU
		{A42BB583-0FCF-4FCD-B274-CD4CB8CD25BB}.Debug|Any CPU.Build.0 = Debug|Any CPU
		{A42BB583-0FCF-4FCD-B274-CD4CB8CD25BB}.Release|Any CPU.ActiveCfg = Release|Any CPU
		{A42BB583-0FCF-4FCD-B274-CD4CB8CD25BB}.Release|Any CPU.Build.0 = Release|Any CPU
	EndGlobalSection
	GlobalSection(SolutionProperties) = preSolution
		HideSolutionNode = FALSE
	EndGlobalSection
	GlobalSection(ExtensibilityGlobals) = postSolution
		SolutionGuid = {C97BD6AE-0494-4642-8FFA-383E94C9EE14}
	EndGlobalSection
EndGlobal
